
Microsoft Visual Studio Solution File, Format Version 12.00
Project("{FAE04EC0-301F-11D3-BF4B-00C04F79EFBC}") = "AbstractFactoryExample", "AbstractFactoryExample\AbstractFactoryExample.csproj", "{0E51FDFA-4EF7-4A7D-A7DA-E4FD9D004647}"
EndProject
Global
	GlobalSection(SolutionConfigurationPlatforms) = preSolution
		Debug|Any CPU = Debug|Any CPU
		Release|Any CPU = Release|Any CPU
	EndGlobalSection
	GlobalSection(ProjectConfigurationPlatforms) = postSolution
		{0E51FDFA-4EF7-4A7D-A7DA-E4FD9D004647}.Debug|Any CPU.ActiveCfg = Debug|Any CPU
		{0E51FDFA-4EF7-4A7D-A7DA-E4FD9D004647}.Debug|Any CPU.Build.0 = Debug|Any CPU
		{0E51FDFA-4EF7-4A7D-A7DA-E4FD9D004647}.Release|Any CPU.ActiveCfg = Release|Any CPU
		{0E51FDFA-4EF7-4A7D-A7DA-E4FD9D004647}.Release|Any CPU.Build.0 = Release|Any CPU
	EndGlobalSection
EndGlobal
